# THIS IS AN AUTOGENERATED FILE. DO NOT EDIT THIS FILE DIRECTLY.
# yarn lockfile v1


"@babel/helper-builder-react-jsx@^7.7.0":
  version "7.7.0"
  resolved "https://registry.yarnpkg.com/@babel/helper-builder-react-jsx/-/helper-builder-react-jsx-7.7.0.tgz#c6b8254d305bacd62beb648e4dea7d3ed79f352d"
  integrity sha512-LSln3cexwInTMYYoFeVLKnYPPMfWNJ8PubTBs3hkh7wCu9iBaqq1OOyW+xGmEdLxT1nhsl+9SJ+h2oUDYz0l2A==
  dependencies:
    "@babel/types" "^7.7.0"
    esutils "^2.0.0"

"@babel/helper-module-imports@^7.0.0":
  version "7.7.0"
  resolved "https://registry.yarnpkg.com/@babel/helper-module-imports/-/helper-module-imports-7.7.0.tgz#99c095889466e5f7b6d66d98dffc58baaf42654d"
  integrity sha512-Dv3hLKIC1jyfTkClvyEkYP2OlkzNvWs5+Q8WgPbxM5LMeorons7iPP91JM+DU7tRbhqA1ZeooPaMFvQrn23RHw==
  dependencies:
    "@babel/types" "^7.7.0"

"@babel/helper-plugin-utils@^7.0.0":
  version "7.0.0"
  resolved "https://registry.yarnpkg.com/@babel/helper-plugin-utils/-/helper-plugin-utils-7.0.0.tgz#bbb3fbee98661c569034237cc03967ba99b4f250"
  integrity sha512-CYAOUCARwExnEixLdB6sDm2dIJ/YgEAKDM1MOeMeZu9Ld/bDgVo8aiWrXwcY7OBh+1Ea2uUcVRcxKk0GJvW7QA==

"@babel/plugin-syntax-jsx@^7.2.0":
  version "7.2.0"
  resolved "https://registry.yarnpkg.com/@babel/plugin-syntax-jsx/-/plugin-syntax-jsx-7.2.0.tgz#0b85a3b4bc7cdf4cc4b8bf236335b907ca22e7c7"
  integrity sha512-VyN4QANJkRW6lDBmENzRszvZf3/4AXaj9YR7GwrWeeN9tEBPuXbmDYVU9bYBN0D70zCWVwUy0HWq2553VCb6Hw==
  dependencies:
    "@babel/helper-plugin-utils" "^7.0.0"

"@babel/plugin-transform-react-jsx@^7.3.0":
  version "7.7.0"
  resolved "https://registry.yarnpkg.com/@babel/plugin-transform-react-jsx/-/plugin-transform-react-jsx-7.7.0.tgz#834b0723ba78cd4d24d7d629300c2270f516d0b7"
  integrity sha512-mXhBtyVB1Ujfy+0L6934jeJcSXj/VCg6whZzEcgiiZHNS0PGC7vUCsZDQCxxztkpIdF+dY1fUMcjAgEOC3ZOMQ==
  dependencies:
    "@babel/helper-builder-react-jsx" "^7.7.0"
    "@babel/helper-plugin-utils" "^7.0.0"
    "@babel/plugin-syntax-jsx" "^7.2.0"

"@babel/runtime@^7.4.2", "@babel/runtime@^7.5.5", "@babel/runtime@^7.7.2":
  version "7.7.2"
  resolved "https://registry.yarnpkg.com/@babel/runtime/-/runtime-7.7.2.tgz#111a78002a5c25fc8e3361bedc9529c696b85a6a"
  integrity sha512-JONRbXbTXc9WQE2mAZd1p0Z3DZ/6vaQIkgYMSTP3KjRCyd7rCZCcfhCyX+YjwcKxcZ82UrxbRD358bpExNgrjw==
  dependencies:
    regenerator-runtime "^0.13.2"

"@babel/types@^7.7.0":
  version "7.7.2"
  resolved "https://registry.yarnpkg.com/@babel/types/-/types-7.7.2.tgz#550b82e5571dcd174af576e23f0adba7ffc683f7"
  integrity sha512-YTf6PXoh3+eZgRCBzzP25Bugd2ngmpQVrk7kXX0i5N9BO7TFBtIgZYs7WtxtOGs8e6A4ZI7ECkbBCEHeXocvOA==
  dependencies:
    esutils "^2.0.2"
    lodash "^4.17.13"
    to-fast-properties "^2.0.0"

"@emotion/babel-plugin-jsx-pragmatic@^0.1.4":
  version "0.1.4"
  resolved "https://registry.yarnpkg.com/@emotion/babel-plugin-jsx-pragmatic/-/babel-plugin-jsx-pragmatic-0.1.4.tgz#12fd120ecb202c6110dc98d3edabddafda1515f1"
  integrity sha512-5LfpS5JWi0e+ss9nQdLByslCSjM2Gl72+WnUg60lJFvGk2ecr0tL86f5z8FbvlhpIhoIIIRBpFKMLr0BuIaLWg==
  dependencies:
    "@babel/plugin-syntax-jsx" "^7.2.0"

"@emotion/babel-preset-css-prop@^10.0.23":
  version "10.0.23"
  resolved "https://registry.yarnpkg.com/@emotion/babel-preset-css-prop/-/babel-preset-css-prop-10.0.23.tgz#7c21a36c97c3ce9e96f5896b56f68b9bbac800bd"
  integrity sha512-XG1s1SQF8twf/ufh+j3EdVjQW7SjcAPOdPZDxEsVVahoR1mF2/nWl4adc5ROppSr/P84QJEdquA6lmyZWcnaBQ==
  dependencies:
    "@babel/plugin-transform-react-jsx" "^7.3.0"
    "@babel/runtime" "^7.5.5"
    "@emotion/babel-plugin-jsx-pragmatic" "^0.1.4"
    babel-plugin-emotion "^10.0.23"

"@emotion/cache@^10.0.17":
  version "10.0.19"
  resolved "https://registry.yarnpkg.com/@emotion/cache/-/cache-10.0.19.tgz#d258d94d9c707dcadaf1558def968b86bb87ad71"
  integrity sha512-BoiLlk4vEsGBg2dAqGSJu0vJl/PgVtCYLBFJaEO8RmQzPugXewQCXZJNXTDFaRlfCs0W+quesayav4fvaif5WQ==
  dependencies:
    "@emotion/sheet" "0.9.3"
    "@emotion/stylis" "0.8.4"
    "@emotion/utils" "0.11.2"
    "@emotion/weak-memoize" "0.2.4"

"@emotion/core@^10.0.22":
  version "10.0.22"
  resolved "https://registry.yarnpkg.com/@emotion/core/-/core-10.0.22.tgz#2ac7bcf9b99a1979ab5b0a876fbf37ab0688b177"
  integrity sha512-7eoP6KQVUyOjAkE6y4fdlxbZRA4ILs7dqkkm6oZUJmihtHv0UBq98VgPirq9T8F9K2gKu0J/au/TpKryKMinaA==
  dependencies:
    "@babel/runtime" "^7.5.5"
    "@emotion/cache" "^10.0.17"
    "@emotion/css" "^10.0.22"
    "@emotion/serialize" "^0.11.12"
    "@emotion/sheet" "0.9.3"
    "@emotion/utils" "0.11.2"

"@emotion/css@^10.0.22":
  version "10.0.22"
  resolved "https://registry.yarnpkg.com/@emotion/css/-/css-10.0.22.tgz#37b1abb6826759fe8ac0af0ac0034d27de6d1793"
  integrity sha512-8phfa5mC/OadBTmGpMpwykIVH0gFCbUoO684LUkyixPq4F1Wwri7fK5Xlm8lURNBrd2TuvTbPUGxFsGxF9UacA==
  dependencies:
    "@emotion/serialize" "^0.11.12"
    "@emotion/utils" "0.11.2"
    babel-plugin-emotion "^10.0.22"

"@emotion/hash@0.7.3":
  version "0.7.3"
  resolved "https://registry.yarnpkg.com/@emotion/hash/-/hash-0.7.3.tgz#a166882c81c0c6040975dd30df24fae8549bd96f"
  integrity sha512-14ZVlsB9akwvydAdaEnVnvqu6J2P6ySv39hYyl/aoB6w/V+bXX0tay8cF6paqbgZsN2n5Xh15uF4pE+GvE+itw==

"@emotion/memoize@0.7.3":
  version "0.7.3"
  resolved "https://registry.yarnpkg.com/@emotion/memoize/-/memoize-0.7.3.tgz#5b6b1c11d6a6dddf1f2fc996f74cf3b219644d78"
  integrity sha512-2Md9mH6mvo+ygq1trTeVp2uzAKwE2P7In0cRpD/M9Q70aH8L+rxMLbb3JCN2JoSWsV2O+DdFjfbbXoMoLBczow==

"@emotion/serialize@^0.11.12", "@emotion/serialize@^0.11.14":
  version "0.11.14"
  resolved "https://registry.yarnpkg.com/@emotion/serialize/-/serialize-0.11.14.tgz#56a6d8d04d837cc5b0126788b2134c51353c6488"
  integrity sha512-6hTsySIuQTbDbv00AnUO6O6Xafdwo5GswRlMZ5hHqiFx+4pZ7uGWXUQFW46Kc2taGhP89uXMXn/lWQkdyTosPA==
  dependencies:
    "@emotion/hash" "0.7.3"
    "@emotion/memoize" "0.7.3"
    "@emotion/unitless" "0.7.4"
    "@emotion/utils" "0.11.2"
    csstype "^2.5.7"

"@emotion/sheet@0.9.3":
  version "0.9.3"
  resolved "https://registry.yarnpkg.com/@emotion/sheet/-/sheet-0.9.3.tgz#689f135ecf87d3c650ed0c4f5ddcbe579883564a"
  integrity sha512-c3Q6V7Df7jfwSq5AzQWbXHa5soeE4F5cbqi40xn0CzXxWW9/6Mxq48WJEtqfWzbZtW9odZdnRAkwCQwN12ob4A==

"@emotion/stylis@0.8.4":
  version "0.8.4"
  resolved "https://registry.yarnpkg.com/@emotion/stylis/-/stylis-0.8.4.tgz#6c51afdf1dd0d73666ba09d2eb6c25c220d6fe4c"
  integrity sha512-TLmkCVm8f8gH0oLv+HWKiu7e8xmBIaokhxcEKPh1m8pXiV/akCiq50FvYgOwY42rjejck8nsdQxZlXZ7pmyBUQ==

"@emotion/unitless@0.7.4":
  version "0.7.4"
  resolved "https://registry.yarnpkg.com/@emotion/unitless/-/unitless-0.7.4.tgz#a87b4b04e5ae14a88d48ebef15015f6b7d1f5677"
  integrity sha512-kBa+cDHOR9jpRJ+kcGMsysrls0leukrm68DmFQoMIWQcXdr2cZvyvypWuGYT7U+9kAExUE7+T7r6G3C3A6L8MQ==

"@emotion/utils@0.11.2":
  version "0.11.2"
  resolved "https://registry.yarnpkg.com/@emotion/utils/-/utils-0.11.2.tgz#713056bfdffb396b0a14f1c8f18e7b4d0d200183"
  integrity sha512-UHX2XklLl3sIaP6oiMmlVzT0J+2ATTVpf0dHQVyPJHTkOITvXfaSqnRk6mdDhV9pR8T/tHc3cex78IKXssmzrA==

"@emotion/weak-memoize@0.2.4":
  version "0.2.4"
  resolved "https://registry.yarnpkg.com/@emotion/weak-memoize/-/weak-memoize-0.2.4.tgz#622a72bebd1e3f48d921563b4b60a762295a81fc"
  integrity sha512-6PYY5DVdAY1ifaQW6XYTnOMihmBVT27elqSjEoodchsGjzYlEsTQMcEhSud99kVawatyTZRTiVkJ/c6lwbQ7nA==

argparse@^1.0.7:
  version "1.0.10"
  resolved "https://registry.yarnpkg.com/argparse/-/argparse-1.0.10.tgz#bcd6791ea5ae09725e17e5ad988134cd40b3d911"
  integrity sha512-o5Roy6tNG4SL/FOkCAN6RzjiakZS25RLYFrcMttJqbdd8BWrnA+fGz57iN5Pb06pvBGvl5gQ0B48dJlslXvoTg==
  dependencies:
    sprintf-js "~1.0.2"

babel-plugin-emotion@^10.0.22, babel-plugin-emotion@^10.0.23:
  version "10.0.23"
  resolved "https://registry.yarnpkg.com/babel-plugin-emotion/-/babel-plugin-emotion-10.0.23.tgz#040d40bf61dcab6d31dd6043d10e180240b8515b"
  integrity sha512-1JiCyXU0t5S2xCbItejCduLGGcKmF3POT0Ujbexog2MI4IlRcIn/kWjkYwCUZlxpON0O5FC635yPl/3slr7cKQ==
  dependencies:
    "@babel/helper-module-imports" "^7.0.0"
    "@emotion/hash" "0.7.3"
    "@emotion/memoize" "0.7.3"
    "@emotion/serialize" "^0.11.14"
    babel-plugin-macros "^2.0.0"
    babel-plugin-syntax-jsx "^6.18.0"
    convert-source-map "^1.5.0"
    escape-string-regexp "^1.0.5"
    find-root "^1.1.0"
    source-map "^0.5.7"

babel-plugin-macros@^2.0.0:
  version "2.6.1"
  resolved "https://registry.yarnpkg.com/babel-plugin-macros/-/babel-plugin-macros-2.6.1.tgz#41f7ead616fc36f6a93180e89697f69f51671181"
  integrity sha512-6W2nwiXme6j1n2erPOnmRiWfObUhWH7Qw1LMi9XZy8cj+KtESu3T6asZvtk5bMQQjX8te35o7CFueiSdL/2NmQ==
  dependencies:
    "@babel/runtime" "^7.4.2"
    cosmiconfig "^5.2.0"
    resolve "^1.10.0"

babel-plugin-syntax-jsx@^6.18.0:
  version "6.18.0"
  resolved "https://registry.yarnpkg.com/babel-plugin-syntax-jsx/-/babel-plugin-syntax-jsx-6.18.0.tgz#0af32a9a6e13ca7a3fd5069e62d7b0f58d0d8946"
  integrity sha1-CvMqmm4Tyno/1QaeYtew9Y0NiUY=

caller-callsite@^2.0.0:
  version "2.0.0"
  resolved "https://registry.yarnpkg.com/caller-callsite/-/caller-callsite-2.0.0.tgz#847e0fce0a223750a9a027c54b33731ad3154134"
  integrity sha1-hH4PzgoiN1CpoCfFSzNzGtMVQTQ=
  dependencies:
    callsites "^2.0.0"

caller-path@^2.0.0:
  version "2.0.0"
  resolved "https://registry.yarnpkg.com/caller-path/-/caller-path-2.0.0.tgz#468f83044e369ab2010fac5f06ceee15bb2cb1f4"
  integrity sha1-Ro+DBE42mrIBD6xfBs7uFbsssfQ=
  dependencies:
    caller-callsite "^2.0.0"

callsites@^2.0.0:
  version "2.0.0"
  resolved "https://registry.yarnpkg.com/callsites/-/callsites-2.0.0.tgz#06eb84f00eea413da86affefacbffb36093b3c50"
  integrity sha1-BuuE8A7qQT2oav/vrL/7Ngk7PFA=

compass-vertical-rhythm@^1.4.5:
  version "1.4.5"
  resolved "https://registry.yarnpkg.com/compass-vertical-rhythm/-/compass-vertical-rhythm-1.4.5.tgz#4baa8d7068fda164d3675d706775d7547e8750f5"
  integrity sha512-bJo3IYX7xmmZCDYjrT2XolaiNjGZ4E2JvUGxpdU0ecbH4ZLK786wvc8aHKVrGrKct9JlkmJbUi8YLrQWvOc+uA==
  dependencies:
    convert-css-length "^1.0.1"
    object-assign "^4.1.0"
    parse-unit "^1.0.1"

console-polyfill@^0.1.2:
  version "0.1.2"
  resolved "https://registry.yarnpkg.com/console-polyfill/-/console-polyfill-0.1.2.tgz#96cfed51caf78189f699572e6f18271dc37c0e30"
  integrity sha1-ls/tUcr3gYn2mVcubxgnHcN8DjA=

convert-css-length@^1.0.1:
  version "1.0.2"
  resolved "https://registry.yarnpkg.com/convert-css-length/-/convert-css-length-1.0.2.tgz#32f38a8ac55d78372ff43562532564366c871ccc"
  integrity sha512-ecV7j3hXyXN1X2XfJBzhMR0o1Obv0v3nHmn0UiS3ACENrzbxE/EknkiunS/fCwQva0U62X1GChi8GaPh4oTlLg==
  dependencies:
    console-polyfill "^0.1.2"
    parse-unit "^1.0.1"

convert-source-map@^1.5.0:
  version "1.7.0"
  resolved "https://registry.yarnpkg.com/convert-source-map/-/convert-source-map-1.7.0.tgz#17a2cb882d7f77d3490585e2ce6c524424a3a442"
  integrity sha512-4FJkXzKXEDB1snCFZlLP4gpC3JILicCpGbzG9f9G7tGqGCzETQ2hWPrcinA9oU4wtf2biUaEH5065UnMeR33oA==
  dependencies:
    safe-buffer "~5.1.1"

cosmiconfig@^5.2.0:
  version "5.2.1"
  resolved "https://registry.yarnpkg.com/cosmiconfig/-/cosmiconfig-5.2.1.tgz#040f726809c591e77a17c0a3626ca45b4f168b1a"
  integrity sha512-H65gsXo1SKjf8zmrJ67eJk8aIRKV5ff2D4uKZIBZShbhGSpEmsQOPW/SKMKYhSTrqR7ufy6RP69rPogdaPh/kA==
  dependencies:
    import-fresh "^2.0.0"
    is-directory "^0.3.1"
    js-yaml "^3.13.1"
    parse-json "^4.0.0"

csstype@^2.5.7:
  version "2.6.7"
  resolved "https://registry.yarnpkg.com/csstype/-/csstype-2.6.7.tgz#20b0024c20b6718f4eda3853a1f5a1cce7f5e4a5"
  integrity sha512-9Mcn9sFbGBAdmimWb2gLVDtFJzeKtDGIr76TUqmjZrw9LFXBMSU70lcs+C0/7fyCd6iBDqmksUcCOUIkisPHsQ==

decamelize@^1.2.0:
  version "1.2.0"
  resolved "https://registry.yarnpkg.com/decamelize/-/decamelize-1.2.0.tgz#f6534d15148269b20352e7bee26f501f9a191290"
  integrity sha1-9lNNFRSCabIDUue+4m9QH5oZEpA=

error-ex@^1.3.1:
  version "1.3.2"
  resolved "https://registry.yarnpkg.com/error-ex/-/error-ex-1.3.2.tgz#b4ac40648107fdcdcfae242f428bea8a14d4f1bf"
  integrity sha512-7dFHNmqeFSEt2ZBsCriorKnn3Z2pj+fd9kmI6QoWw4//DL+icEBfc0U7qJCisqrTsKTjw4fNFy2pW9OqStD84g==
  dependencies:
    is-arrayish "^0.2.1"

escape-string-regexp@^1.0.5:
  version "1.0.5"
  resolved "https://registry.yarnpkg.com/escape-string-regexp/-/escape-string-regexp-1.0.5.tgz#1b61c0562190a8dff6ae3bb2cf0200ca130b86d4"
  integrity sha1-G2HAViGQqN/2rjuyzwIAyhMLhtQ=

esprima@^4.0.0:
  version "4.0.1"
  resolved "https://registry.yarnpkg.com/esprima/-/esprima-4.0.1.tgz#13b04cdb3e6c5d19df91ab6987a8695619b0aa71"
  integrity sha512-eGuFFw7Upda+g4p+QHvnW0RyTX/SVeJBDM/gCtMARO0cLuT2HcEKnTPvhjV6aGeqrCB/sbNop0Kszm0jsaWU4A==

esutils@^2.0.0, esutils@^2.0.2:
  version "2.0.3"
  resolved "https://registry.yarnpkg.com/esutils/-/esutils-2.0.3.tgz#74d2eb4de0b8da1293711910d50775b9b710ef64"
  integrity sha512-kVscqXk4OCp68SZ0dkgEKVi6/8ij300KBWTJq32P/dYeWTSwK41WyTxalN1eRmA5Z9UU/LX9D7FWSmV9SAYx6g==

find-root@^1.1.0:
  version "1.1.0"
  resolved "https://registry.yarnpkg.com/find-root/-/find-root-1.1.0.tgz#abcfc8ba76f708c42a97b3d685b7e9450bfb9ce4"
  integrity sha512-NKfW6bec6GfKc0SGx1e07QZY9PE99u0Bft/0rzSD5k3sO/vwkVUpDUKVm5Gpp5Ue3YfShPFTX2070tDs5kB9Ng==

gatsby-plugin-emotion@^4.1.14:
  version "4.1.14"
  resolved "https://registry.yarnpkg.com/gatsby-plugin-emotion/-/gatsby-plugin-emotion-4.1.14.tgz#fa9fcaa9f25becb4bcf51d54ee01e56b2658ea79"
  integrity sha512-I6/8BRI7EXf09rZn06VHSJSyj2Z5kOzU1uJgKObaU1LYOehmQLDqthR80HtGpW3vK+dwKWsY234QENGL6SljwA==
  dependencies:
    "@babel/runtime" "^7.7.2"
    "@emotion/babel-preset-css-prop" "^10.0.23"

gatsby-plugin-typography@^2.3.16:
  version "2.3.16"
  resolved "https://registry.yarnpkg.com/gatsby-plugin-typography/-/gatsby-plugin-typography-2.3.16.tgz#544e47805fb42d8e617d1fcf4d64e563305772f0"
  integrity sha512-dUczJ2bNkpeJB8A2Q0QyDRwf+ksiGisdCOi62+RNpbWP2HA8UEEr0CX2M6JOsjPIqJwcplgOj8deqmt5jNzW8w==
  dependencies:
    "@babel/runtime" "^7.7.2"

gray-percentage@^2.0.0:
  version "2.0.0"
  resolved "https://registry.yarnpkg.com/gray-percentage/-/gray-percentage-2.0.0.tgz#b72a274d1b1379104a0050b63b207dc53fe56f99"
  integrity sha1-tyonTRsTeRBKAFC2OyB9xT/lb5k=

import-fresh@^2.0.0:
  version "2.0.0"
  resolved "https://registry.yarnpkg.com/import-fresh/-/import-fresh-2.0.0.tgz#d81355c15612d386c61f9ddd3922d4304822a546"
  integrity sha1-2BNVwVYS04bGH53dOSLUMEgipUY=
  dependencies:
    caller-path "^2.0.0"
    resolve-from "^3.0.0"

is-arrayish@^0.2.1:
  version "0.2.1"
  resolved "https://registry.yarnpkg.com/is-arrayish/-/is-arrayish-0.2.1.tgz#77c99840527aa8ecb1a8ba697b80645a7a926a9d"
  integrity sha1-d8mYQFJ6qOyxqLppe4BkWnqSap0=

is-directory@^0.3.1:
  version "0.3.1"
  resolved "https://registry.yarnpkg.com/is-directory/-/is-directory-0.3.1.tgz#61339b6f2475fc772fd9c9d83f5c8575dc154ae1"
  integrity sha1-YTObbyR1/Hcv2cnYP1yFddwVSuE=

js-yaml@^3.13.1:
  version "3.13.1"
  resolved "https://registry.yarnpkg.com/js-yaml/-/js-yaml-3.13.1.tgz#aff151b30bfdfa8e49e05da22e7415e9dfa37847"
  integrity sha512-YfbcO7jXDdyj0DGxYVSlSeQNHbD7XPWvrVWeVUujrQEoZzWJIRrCPoyk6kL6IAjAG2IolMK4T0hNUe0HOUs5Jw==
  dependencies:
    argparse "^1.0.7"
    esprima "^4.0.0"

json-parse-better-errors@^1.0.1:
  version "1.0.2"
  resolved "https://registry.yarnpkg.com/json-parse-better-errors/-/json-parse-better-errors-1.0.2.tgz#bb867cfb3450e69107c131d1c514bab3dc8bcaa9"
  integrity sha512-mrqyZKfX5EhL7hvqcV6WG1yYjnjeuYDzDhhcAAUrq8Po85NBQBJP+ZDUT75qZQ98IkUoBqdkExkukOU7Ts2wrw==

lodash.isnumber@^3.0.0:
  version "3.0.3"
  resolved "https://registry.yarnpkg.com/lodash.isnumber/-/lodash.isnumber-3.0.3.tgz#3ce76810c5928d03352301ac287317f11c0b1ffc"
  integrity sha1-POdoEMWSjQM1IwGsKHMX8RwLH/w=

lodash@^4.13.1, lodash@^4.17.13:
  version "4.17.15"
  resolved "https://registry.yarnpkg.com/lodash/-/lodash-4.17.15.tgz#b447f6670a0455bbfeedd11392eff330ea097548"
  integrity sha512-8xOcRHvCjnocdS5cpwXQXVzmmh5e5+saE2QGoeQmbKmRS6J3VQppPOIt0MnmE+4xlZoumy0GPG0D0MVIQbNA1A==

modularscale@^1.0.2:
  version "1.0.2"
  resolved "https://registry.yarnpkg.com/modularscale/-/modularscale-1.0.2.tgz#4a8f13af32a5e5214fc6e2cfc529064abfd7d877"
  integrity sha1-So8TrzKl5SFPxuLPxSkGSr/X2Hc=
  dependencies:
    lodash.isnumber "^3.0.0"

object-assign@^4.1.0:
  version "4.1.1"
  resolved "https://registry.yarnpkg.com/object-assign/-/object-assign-4.1.1.tgz#2109adc7965887cfc05cbbd442cac8bfbb360863"
  integrity sha1-IQmtx5ZYh8/AXLvUQsrIv7s2CGM=

parse-json@^4.0.0:
  version "4.0.0"
  resolved "https://registry.yarnpkg.com/parse-json/-/parse-json-4.0.0.tgz#be35f5425be1f7f6c747184f98a788cb99477ee0"
  integrity sha1-vjX1Qlvh9/bHRxhPmKeIy5lHfuA=
  dependencies:
    error-ex "^1.3.1"
    json-parse-better-errors "^1.0.1"

parse-unit@^1.0.1:
  version "1.0.1"
  resolved "https://registry.yarnpkg.com/parse-unit/-/parse-unit-1.0.1.tgz#7e1bb6d5bef3874c28e392526a2541170291eecf"
  integrity sha1-fhu21b7zh0wo45JSaiVBFwKR7s8=

path-parse@^1.0.6:
  version "1.0.6"
  resolved "https://registry.yarnpkg.com/path-parse/-/path-parse-1.0.6.tgz#d62dbb5679405d72c4737ec58600e9ddcf06d24c"
  integrity sha512-GSmOT2EbHrINBf9SR7CDELwlJ8AENk3Qn7OikK4nFYAu3Ote2+JYNVvkpAEQm3/TLNEJFD/xZJjzyxg3KBWOzw==

react-typography@^0.16.19:
  version "0.16.19"
  resolved "https://registry.yarnpkg.com/react-typography/-/react-typography-0.16.19.tgz#5736b47961dcf6b9605b6fa38d41980db2588e28"
  integrity sha512-kV2qLEsdm0x9P4YXQEDVc88tDb4Vg0h/vdVZGgbqaRn8ERvNzV76JHUeOby3vvcUYU5MPd5Kz5DPH9Bhp4I/iw==

regenerator-runtime@^0.13.2:
  version "0.13.3"
  resolved "https://registry.yarnpkg.com/regenerator-runtime/-/regenerator-runtime-0.13.3.tgz#7cf6a77d8f5c6f60eb73c5fc1955b2ceb01e6bf5"
  integrity sha512-naKIZz2GQ8JWh///G7L3X6LaQUAMp2lvb1rvwwsURe/VXwD6VMfr+/1NuNw3ag8v2kY1aQ/go5SNn79O9JU7yw==

resolve-from@^3.0.0:
  version "3.0.0"
  resolved "https://registry.yarnpkg.com/resolve-from/-/resolve-from-3.0.0.tgz#b22c7af7d9d6881bc8b6e653335eebcb0a188748"
  integrity sha1-six699nWiBvItuZTM17rywoYh0g=

resolve@^1.10.0:
  version "1.12.0"
  resolved "https://registry.yarnpkg.com/resolve/-/resolve-1.12.0.tgz#3fc644a35c84a48554609ff26ec52b66fa577df6"
  integrity sha512-B/dOmuoAik5bKcD6s6nXDCjzUKnaDvdkRyAk6rsmsKLipWj4797iothd7jmmUhWTfinVMU+wc56rYKsit2Qy4w==
  dependencies:
    path-parse "^1.0.6"

safe-buffer@~5.1.1:
  version "5.1.2"
  resolved "https://registry.yarnpkg.com/safe-buffer/-/safe-buffer-5.1.2.tgz#991ec69d296e0313747d59bdfd2b745c35f8828d"
  integrity sha512-Gd2UZBJDkXlY7GbJxfsE8/nvKkUEU1G38c1siN6QP6a9PT9MmHB8GnpscSmMJSoF8LOIrt8ud/wPtojys4G6+g==

source-map@^0.5.7:
  version "0.5.7"
  resolved "https://registry.yarnpkg.com/source-map/-/source-map-0.5.7.tgz#8a039d2d1021d22d1ea14c80d8ea468ba2ef3fcc"
  integrity sha1-igOdLRAh0i0eoUyA2OpGi6LvP8w=

sprintf-js@~1.0.2:
  version "1.0.3"
  resolved "https://registry.yarnpkg.com/sprintf-js/-/sprintf-js-1.0.3.tgz#04e6926f662895354f3dd015203633b857297e2c"
  integrity sha1-BOaSb2YolTVPPdAVIDYzuFcpfiw=

to-fast-properties@^2.0.0:
  version "2.0.0"
  resolved "https://registry.yarnpkg.com/to-fast-properties/-/to-fast-properties-2.0.0.tgz#dc5e698cbd079265bc73e0377681a4e4e83f616e"
  integrity sha1-3F5pjL0HkmW8c+A3doGk5Og/YW4=

typography-breakpoint-constants@^0.16.19:
  version "0.16.19"
  resolved "https://registry.yarnpkg.com/typography-breakpoint-constants/-/typography-breakpoint-constants-0.16.19.tgz#e0e89147749562cbb46ce76c47ff0f73372765e7"
  integrity sha512-vXjfV9hwAXIOf5+U5GN137ahBkK+sj1TJu/5ksmP+8XB/D80lmGb/m0nKviWaQ3t7HLrK848VGrFS+6E2vcmVg==

typography-normalize@^0.16.19:
  version "0.16.19"
  resolved "https://registry.yarnpkg.com/typography-normalize/-/typography-normalize-0.16.19.tgz#58e0cf12466870c5b27006daa051fe7307780660"
  integrity sha512-vtnSv/uGBZVbd4e/ZhZB9HKBgKKlWQUXw74+ADIHHxzKp27CEf8PSR8TX1zF2qSyQ9/qMdqLwXYz8yRQFq9JLQ==

typography-theme-kirkham@^0.16.19:
  version "0.16.19"
  resolved "https://registry.yarnpkg.com/typography-theme-kirkham/-/typography-theme-kirkham-0.16.19.tgz#17c83ac32a24696b62546d760fd67540ad8ce582"
  integrity sha512-l/8J7RES+aYqeq1C0iQGw9jfNQAEEu6j9lS5jhyrgH09hR1CQ5RDIEqvbcaXvIADuwgvkL8zXAJlh1ydj3TALA==
  dependencies:
    gray-percentage "^2.0.0"
    typography-breakpoint-constants "^0.16.19"

typography@^0.16.19:
  version "0.16.19"
  resolved "https://registry.yarnpkg.com/typography/-/typography-0.16.19.tgz#092bf30a5a47495c955b54f40d3b55a7a9f28e8a"
  integrity sha512-zfsyjPPB1RaK8TzU3REta6EGDZa++YQ6g/CWw7hy/8xQK1qyzFWisMIw5J+Yg1KyiVgcchmxlgMcMA6JAJ9oew==
  dependencies:
    compass-vertical-rhythm "^1.4.5"
    decamelize "^1.2.0"
    gray-percentage "^2.0.0"
    lodash "^4.13.1"
    modularscale "^1.0.2"
    object-assign "^4.1.0"
    typography-normalize "^0.16.19"
